
Microsoft Visual Studio Solution File, Format Version 12.00
# Visual Studio Version 17
VisualStudioVersion = 17.9.34622.214
MinimumVisualStudioVersion = 10.0.40219.1
Project("{8BC9CEB8-8B4A-11D0-8D11-00A0C91BC942}") = "24_03_12", "24_03_12\24_03_12.vcxproj", "{1D40C6B4-8A0C-45DC-9012-E12937D0FE5C}"
EndProject
Global
	GlobalSection(SolutionConfigurationPlatforms) = preSolution
		Debug|x64 = Debug|x64
		Debug|x86 = Debug|x86
		Release|x64 = Release|x64
		Release|x86 = Release|x86
	EndGlobalSection
	GlobalSection(ProjectConfigurationPlatforms) = postSolution
		{1D40C6B4-8A0C-45DC-9012-E12937D0FE5C}.Debug|x64.ActiveCfg = Debug|x64
		{1D40C6B4-8A0C-45DC-9012-E12937D0FE5C}.Debug|x64.Build.0 = Debug|x64
		{1D40C6B4-8A0C-45DC-9012-E12937D0FE5C}.Debug|x86.ActiveCfg = Debug|Win32
		{1D40C6B4-8A0C-45DC-9012-E12937D0FE5C}.Debug|x86.Build.0 = Debug|Win32
		{1D40C6B4-8A0C-45DC-9012-E12937D0FE5C}.Release|x64.ActiveCfg = Release|x64
		{1D40C6B4-8A0C-45DC-9012-E12937D0FE5C}.Release|x64.Build.0 = Release|x64
		{1D40C6B4-8A0C-45DC-9012-E12937D0FE5C}.Release|x86.ActiveCfg = Release|Win32
		{1D40C6B4-8A0C-45DC-9012-E12937D0FE5C}.Release|x86.Build.0 = Release|Win32
	EndGlobalSection
	GlobalSection(SolutionProperties) = preSolution
		HideSolutionNode = FALSE
	EndGlobalSection
	GlobalSection(ExtensibilityGlobals) = postSolution
		SolutionGuid = {20B1E867-48A0-4AFB-8428-21F8A2B786A5}
	EndGlobalSection
EndGlobal
